
Microsoft Visual Studio Solution File, Format Version 12.00
# Visual Studio Version 16
VisualStudioVersion = 16.0.30523.141
MinimumVisualStudioVersion = 10.0.40219.1
Project("{FAE04EC0-301F-11D3-BF4B-00C04F79EFBC}") = "AptechWinforms", "AptechWinforms.csproj", "{A37AB454-78CE-4BC0-BEF8-2B5B52DE8214}"
EndProject
Global
	GlobalSection(SolutionConfigurationPlatforms) = preSolution
		Debug|Any CPU = Debug|Any CPU
		Release|Any CPU = Release|Any CPU
	EndGlobalSection
	GlobalSection(ProjectConfigurationPlatforms) = postSolution
		{A37AB454-78CE-4BC0-BEF8-2B5B52DE8214}.Debug|Any CPU.ActiveCfg = Debug|Any CPU
		{A37AB454-78CE-4BC0-BEF8-2B5B52DE8214}.Debug|Any CPU.Build.0 = Debug|Any CPU
		{A37AB454-78CE-4BC0-BEF8-2B5B52DE8214}.Release|Any CPU.ActiveCfg = Release|Any CPU
		{A37AB454-78CE-4BC0-BEF8-2B5B52DE8214}.Release|Any CPU.Build.0 = Release|Any CPU
	EndGlobalSection
	GlobalSection(SolutionProperties) = preSolution
		HideSolutionNode = FALSE
	EndGlobalSection
	GlobalSection(ExtensibilityGlobals) = postSolution
		SolutionGuid = {D4F65658-01BA-4DB7-815D-78DF063E8B2A}
	EndGlobalSection
EndGlobal
